// !$*UTF8*$!
{
	archiveVersion = 1;
	classes = {
	};
	objectVersion = 55;
	objects = {

/* Begin PBXBuildFile section */
		BC1721502BB9201100BC2930 /* manishaProjectsApp.swift in Sources */ = {isa = PBXBuildFile; fileRef = BC17214F2BB9201100BC2930 /* manishaProjectsApp.swift */; };
		BC1721522BB9201100BC2930 /* ContentView.swift in Sources */ = {isa = PBXBuildFile; fileRef = BC1721512BB9201100BC2930 /* ContentView.swift */; };
		BC1721542BB9201300BC2930 /* Assets.xcassets in Resources */ = {isa = PBXBuildFile; fileRef = BC1721532BB9201300BC2930 /* Assets.xcassets */; };
		BC1721572BB9201300BC2930 /* Preview Assets.xcassets in Resources */ = {isa = PBXBuildFile; fileRef = BC1721562BB9201300BC2930 /* Preview Assets.xcassets */; };
		BC1721612BB9201400BC2930 /* manishaProjectsTests.swift in Sources */ = {isa = PBXBuildFile; fileRef = BC1721602BB9201400BC2930 /* manishaProjectsTests.swift */; };
		BC17216B2BB9201400BC2930 /* manishaProjectsUITests.swift in Sources */ = {isa = PBXBuildFile; fileRef = BC17216A2BB9201400BC2930 /* manishaProjectsUITests.swift */; };
		BC17216D2BB9201400BC2930 /* manishaProjectsUITestsLaunchTests.swift in Sources */ = {isa = PBXBuildFile; fileRef = BC17216C2BB9201400BC2930 /* manishaProjectsUITestsLaunchTests.swift */; };
/* End PBXBuildFile section */

/* Begin PBXContainerItemProxy section */
		BC17215D2BB9201400BC2930 /* PBXContainerItemProxy */ = {
			isa = PBXContainerItemProxy;
			containerPortal = BC1721442BB9201100BC2930 /* Project object */;
			proxyType = 1;
			remoteGlobalIDString = BC17214B2BB9201100BC2930;
			remoteInfo = manishaProjects;
		};
		BC1721672BB9201400BC2930 /* PBXContainerItemProxy */ = {
			isa = PBXContainerItemProxy;
			containerPortal = BC1721442BB9201100BC2930 /* Project object */;
			proxyType = 1;
			remoteGlobalIDString = BC17214B2BB9201100BC2930;
			remoteInfo = manishaProjects;
		};
/* End PBXContainerItemProxy section */

/* Begin PBXFileReference section */
		BC17214C2BB9201100BC2930 /* manishaProjects.app */ = {isa = PBXFileReference; explicitFileType = wrapper.application; includeInIndex = 0; path = manishaProjects.app; sourceTree = BUILT_PRODUCTS_DIR; };
		BC17214F2BB9201100BC2930 /* manishaProjectsApp.swift */ = {isa = PBXFileReference; lastKnownFileType = sourcecode.swift; path = manishaProjectsApp.swift; sourceTree = "<group>"; };
		BC1721512BB9201100BC2930 /* ContentView.swift */ = {isa = PBXFileReference; lastKnownFileType = sourcecode.swift; path = ContentView.swift; sourceTree = "<group>"; };
		BC1721532BB9201300BC2930 /* Assets.xcassets */ = {isa = PBXFileReference; lastKnownFileType = folder.assetcatalog; path = Assets.xcassets; sourceTree = "<group>"; };
		BC1721562BB9201300BC2930 /* Preview Assets.xcassets */ = {isa = PBXFileReference; lastKnownFileType = folder.assetcatalog; path = "Preview Assets.xcassets"; sourceTree = "<group>"; };
		BC17215C2BB9201400BC2930 /* manishaProjectsTests.xctest */ = {isa = PBXFileReference; explicitFileType = wrapper.cfbundle; includeInIndex = 0; path = manishaProjectsTests.xctest; sourceTree = BUILT_PRODUCTS_DIR; };
		BC1721602BB9201400BC2930 /* manishaProjectsTests.swift */ = {isa = PBXFileReference; lastKnownFileType = sourcecode.swift; path = manishaProjectsTests.swift; sourceTree = "<group>"; };
		BC1721662BB9201400BC2930 /* manishaProjectsUITests.xctest */ = {isa = PBXFileReference; explicitFileType = wrapper.cfbundle; includeInIndex = 0; path = manishaProjectsUITests.xctest; sourceTree = BUILT_PRODUCTS_DIR; };
		BC17216A2BB9201400BC2930 /* manishaProjectsUITests.swift */ = {isa = PBXFileReference; lastKnownFileType = sourcecode.swift; path = manishaProjectsUITests.swift; sourceTree = "<group>"; };
		BC17216C2BB9201400BC2930 /* manishaProjectsUITestsLaunchTests.swift */ = {isa = PBXFileReference; lastKnownFileType = sourcecode.swift; path = manishaProjectsUITestsLaunchTests.swift; sourceTree = "<group>"; };
/* End PBXFileReference section */

/* Begin PBXFrameworksBuildPhase section */
		BC1721492BB9201100BC2930 /* Frameworks */ = {
			isa = PBXFrameworksBuildPhase;
			buildActionMask = 2147483647;
			files = (
			);
			runOnlyForDeploymentPostprocessing = 0;
		};
		BC1721592BB9201400BC2930 /* Frameworks */ = {
			isa = PBXFrameworksBuildPhase;
			buildActionMask = 2147483647;
			files = (
			);
			runOnlyForDeploymentPostprocessing = 0;
		};
		BC1721632BB9201400BC2930 /* Frameworks */ = {
			isa = PBXFrameworksBuildPhase;
			buildActionMask = 2147483647;
			files = (
			);
			runOnlyForDeploymentPostprocessing = 0;
		};
/* End PBXFrameworksBuildPhase section */

/* Begin PBXGroup section */
		BC1721432BB9201100BC2930 = {
			isa = PBXGroup;
			children = (
				BC17214E2BB9201100BC2930 /* manishaProjects */,
				BC17215F2BB9201400BC2930 /* manishaProjectsTests */,
				BC1721692BB9201400BC2930 /* manishaProjectsUITests */,
				BC17214D2BB9201100BC2930 /* Products */,
			);
			sourceTree = "<group>";
		};
		BC17214D2BB9201100BC2930 /* Products */ = {
			isa = PBXGroup;
			children = (
				BC17214C2BB9201100BC2930 /* manishaProjects.app */,
				BC17215C2BB9201400BC2930 /* manishaProjectsTests.xctest */,
				BC1721662BB9201400BC2930 /* manishaProjectsUITests.xctest */,
			);
			name = Products;
			sourceTree = "<group>";
		};
		BC17214E2BB9201100BC2930 /* manishaProjects */ = {
			isa = PBXGroup;
			children = (
				BC17214F2BB9201100BC2930 /* manishaProjectsApp.swift */,
				BC1721512BB9201100BC2930 /* ContentView.swift */,
				BC1721532BB9201300BC2930 /* Assets.xcassets */,
				BC1721552BB9201300BC2930 /* Preview Content */,
			);
			path = manishaProjects;
			sourceTree = "<group>";
		};
		BC1721552BB9201300BC2930 /* Preview Content */ = {
			isa = PBXGroup;
			children = (
				BC1721562BB9201300BC2930 /* Preview Assets.xcassets */,
			);
			path = "Preview Content";
			sourceTree = "<group>";
		};
		BC17215F2BB9201400BC2930 /* manishaProjectsTests */ = {
			isa = PBXGroup;
			children = (
				BC1721602BB9201400BC2930 /* manishaProjectsTests.swift */,
			);
			path = manishaProjectsTests;
			sourceTree = "<group>";
		};
		BC1721692BB9201400BC2930 /* manishaProjectsUITests */ = {
			isa = PBXGroup;
			children = (
				BC17216A2BB9201400BC2930 /* manishaProjectsUITests.swift */,
				BC17216C2BB9201400BC2930 /* manishaProjectsUITestsLaunchTests.swift */,
			);
			path = manishaProjectsUITests;
			sourceTree = "<group>";
		};
/* End PBXGroup section */

/* Begin PBXNativeTarget section */
		BC17214B2BB9201100BC2930 /* manishaProjects */ = {
			isa = PBXNativeTarget;
			buildConfigurationList = BC1721702BB9201400BC2930 /* Build configuration list for PBXNativeTarget "manishaProjects" */;
			buildPhases = (
				BC1721482BB9201100BC2930 /* Sources */,
				BC1721492BB9201100BC2930 /* Frameworks */,
				BC17214A2BB9201100BC2930 /* Resources */,
			);
			buildRules = (
			);
			dependencies = (
			);
			name = manishaProjects;
			productName = manishaProjects;
			productReference = BC17214C2BB9201100BC2930 /* manishaProjects.app */;
			productType = "com.apple.product-type.application";
		};
		BC17215B2BB9201400BC2930 /* manishaProjectsTests */ = {
			isa = PBXNativeTarget;
			buildConfigurationList = BC1721732BB9201400BC2930 /* Build configuration list for PBXNativeTarget "manishaProjectsTests" */;
			buildPhases = (
				BC1721582BB9201400BC2930 /* Sources */,
				BC1721592BB9201400BC2930 /* Frameworks */,
				BC17215A2BB9201400BC2930 /* Resources */,
			);
			buildRules = (
			);
			dependencies = (
				BC17215E2BB9201400BC2930 /* PBXTargetDependency */,
			);
			name = manishaProjectsTests;
			productName = manishaProjectsTests;
			productReference = BC17215C2BB9201400BC2930 /* manishaProjectsTests.xctest */;
			productType = "com.apple.product-type.bundle.unit-test";
		};
		BC1721652BB9201400BC2930 /* manishaProjectsUITests */ = {
			isa = PBXNativeTarget;
			buildConfigurationList = BC1721762BB9201400BC2930 /* Build configuration list for PBXNativeTarget "manishaProjectsUITests" */;
			buildPhases = (
				BC1721622BB9201400BC2930 /* Sources */,
				BC1721632BB9201400BC2930 /* Frameworks */,
				BC1721642BB9201400BC2930 /* Resources */,
			);
			buildRules = (
			);
			dependencies = (
				BC1721682BB9201400BC2930 /* PBXTargetDependency */,
			);
			name = manishaProjectsUITests;
			productName = manishaProjectsUITests;
			productReference = BC1721662BB9201400BC2930 /* manishaProjectsUITests.xctest */;
			productType = "com.apple.product-type.bundle.ui-testing";
		};
/* End PBXNativeTarget section */

/* Begin PBXProject section */
		BC1721442BB9201100BC2930 /* Project object */ = {
			isa = PBXProject;
			attributes = {
				BuildIndependentTargetsInParallel = 1;
				LastSwiftUpdateCheck = 1340;
				LastUpgradeCheck = 1340;
				TargetAttributes = {
					BC17214B2BB9201100BC2930 = {
						CreatedOnToolsVersion = 13.4;
					};
					BC17215B2BB9201400BC2930 = {
						CreatedOnToolsVersion = 13.4;
						TestTargetID = BC17214B2BB9201100BC2930;
					};
					BC1721652BB9201400BC2930 = {
						CreatedOnToolsVersion = 13.4;
						TestTargetID = BC17214B2BB9201100BC2930;
					};
				};
			};
			buildConfigurationList = BC1721472BB9201100BC2930 /* Build configuration list for PBXProject "manishaProjects" */;
			compatibilityVersion = "Xcode 13.0";
			developmentRegion = en;
			hasScannedForEncodings = 0;
			knownRegions = (
				en,
				Base,
			);
			mainGroup = BC1721432BB9201100BC2930;
			productRefGroup = BC17214D2BB9201100BC2930 /* Products */;
			projectDirPath = "";
			projectRoot = "";
			targets = (
				BC17214B2BB9201100BC2930 /* manishaProjects */,
				BC17215B2BB9201400BC2930 /* manishaProjectsTests */,
				BC1721652BB9201400BC2930 /* manishaProjectsUITests */,
			);
		};
/* End PBXProject section */

/* Begin PBXResourcesBuildPhase section */
		BC17214A2BB9201100BC2930 /* Resources */ = {
			isa = PBXResourcesBuildPhase;
			buildActionMask = 2147483647;
			files = (
				BC1721572BB9201300BC2930 /* Preview Assets.xcassets in Resources */,
				BC1721542BB9201300BC2930 /* Assets.xcassets in Resources */,
			);
			runOnlyForDeploymentPostprocessing = 0;
		};
		BC17215A2BB9201400BC2930 /* Resources */ = {
			isa = PBXResourcesBuildPhase;
			buildActionMask = 2147483647;
			files = (
			);
			runOnlyForDeploymentPostprocessing = 0;
		};
		BC1721642BB9201400BC2930 /* Resources */ = {
			isa = PBXResourcesBuildPhase;
			buildActionMask = 2147483647;
			files = (
			);
			runOnlyForDeploymentPostprocessing = 0;
		};
/* End PBXResourcesBuildPhase section */

/* Begin PBXSourcesBuildPhase section */
		BC1721482BB9201100BC2930 /* Sources */ = {
			isa = PBXSourcesBuildPhase;
			buildActionMask = 2147483647;
			files = (
				BC1721522BB9201100BC2930 /* ContentView.swift in Sources */,
				BC1721502BB9201100BC2930 /* manishaProjectsApp.swift in Sources */,
			);
			runOnlyForDeploymentPostprocessing = 0;
		};
		BC1721582BB9201400BC2930 /* Sources */ = {
			isa = PBXSourcesBuildPhase;
			buildActionMask = 2147483647;
			files = (
				BC1721612BB9201400BC2930 /* manishaProjectsTests.swift in Sources */,
			);
			runOnlyForDeploymentPostprocessing = 0;
		};
		BC1721622BB9201400BC2930 /* Sources */ = {
			isa = PBXSourcesBuildPhase;
			buildActionMask = 2147483647;
			files = (
				BC17216D2BB9201400BC2930 /* manishaProjectsUITestsLaunchTests.swift in Sources */,
				BC17216B2BB9201400BC2930 /* manishaProjectsUITests.swift in Sources */,
			);
			runOnlyForDeploymentPostprocessing = 0;
		};
/* End PBXSourcesBuildPhase section */

/* Begin PBXTargetDependency section */
		BC17215E2BB9201400BC2930 /* PBXTargetDependency */ = {
			isa = PBXTargetDependency;
			target = BC17214B2BB9201100BC2930 /* manishaProjects */;
			targetProxy = BC17215D2BB9201400BC2930 /* PBXContainerItemProxy */;
		};
		BC1721682BB9201400BC2930 /* PBXTargetDependency */ = {
			isa = PBXTargetDependency;
			target = BC17214B2BB9201100BC2930 /* manishaProjects */;
			targetProxy = BC1721672BB9201400BC2930 /* PBXContainerItemProxy */;
		};
/* End PBXTargetDependency section */

/* Begin XCBuildConfiguration section */
		BC17216E2BB9201400BC2930 /* Debug */ = {
			isa = XCBuildConfiguration;
			buildSettings = {
				ALWAYS_SEARCH_USER_PATHS = NO;
				CLANG_ANALYZER_NONNULL = YES;
				CLANG_ANALYZER_NUMBER_OBJECT_CONVERSION = YES_AGGRESSIVE;
				CLANG_CXX_LANGUAGE_STANDARD = "gnu++17";
				CLANG_ENABLE_MODULES = YES;
				CLANG_ENABLE_OBJC_ARC = YES;
				CLANG_ENABLE_OBJC_WEAK = YES;
				CLANG_WARN_BLOCK_CAPTURE_AUTORELEASING = YES;
				CLANG_WARN_BOOL_CONVERSION = YES;
				CLANG_WARN_COMMA = YES;
				CLANG_WARN_CONSTANT_CONVERSION = YES;
				CLANG_WARN_DEPRECATED_OBJC_IMPLEMENTATIONS = YES;
				CLANG_WARN_DIRECT_OBJC_ISA_USAGE = YES_ERROR;
				CLANG_WARN_DOCUMENTATION_COMMENTS = YES;
				CLANG_WARN_EMPTY_BODY = YES;
				CLANG_WARN_ENUM_CONVERSION = YES;
				CLANG_WARN_INFINITE_RECURSION = YES;
				CLANG_WARN_INT_CONVERSION = YES;
				CLANG_WARN_NON_LITERAL_NULL_CONVERSION = YES;
				CLANG_WARN_OBJC_IMPLICIT_RETAIN_SELF = YES;
				CLANG_WARN_OBJC_LITERAL_CONVERSION = YES;
				CLANG_WARN_OBJC_ROOT_CLASS = YES_ERROR;
				CLANG_WARN_QUOTED_INCLUDE_IN_FRAMEWORK_HEADER = YES;
				CLANG_WARN_RANGE_LOOP_ANALYSIS = YES;
				CLANG_WARN_STRICT_PROTOTYPES = YES;
				CLANG_WARN_SUSPICIOUS_MOVE = YES;
				CLANG_WARN_UNGUARDED_AVAILABILITY = YES_AGGRESSIVE;
				CLANG_WARN_UNREACHABLE_CODE = YES;
				CLANG_WARN__DUPLICATE_METHOD_MATCH = YES;
				COPY_PHASE_STRIP = NO;
				DEBUG_INFORMATION_FORMAT = dwarf;
				ENABLE_STRICT_OBJC_MSGSEND = YES;
				ENABLE_TESTABILITY = YES;
				GCC_C_LANGUAGE_STANDARD = gnu11;
				GCC_DYNAMIC_NO_PIC = NO;
				GCC_NO_COMMON_BLOCKS = YES;
				GCC_OPTIMIZATION_LEVEL = 0;
				GCC_PREPROCESSOR_DEFINITIONS = (
					"DEBUG=1",
					"$(inherited)",
				);
				GCC_WARN_64_TO_32_BIT_CONVERSION = YES;
				GCC_WARN_ABOUT_RETURN_TYPE = YES_ERROR;
				GCC_WARN_UNDECLARED_SELECTOR = YES;
				GCC_WARN_UNINITIALIZED_AUTOS = YES_AGGRESSIVE;
				GCC_WARN_UNUSED_FUNCTION = YES;
				GCC_WARN_UNUSED_VARIABLE = YES;
				IPHONEOS_DEPLOYMENT_TARGET = 15.5;
				MTL_ENABLE_DEBUG_INFO = INCLUDE_SOURCE;
				MTL_FAST_MATH = YES;
				ONLY_ACTIVE_ARCH = YES;
				SDKROOT = iphoneos;
				SWIFT_ACTIVE_COMPILATION_CONDITIONS = DEBUG;
				SWIFT_OPTIMIZATION_LEVEL = "-Onone";
			};
			name = Debug;
		};
		BC17216F2BB9201400BC2930 /* Release */ = {
			isa = XCBuildConfiguration;
			buildSettings = {
				ALWAYS_SEARCH_USER_PATHS = NO;
				CLANG_ANALYZER_NONNULL = YES;
				CLANG_ANALYZER_NUMBER_OBJECT_CONVERSION = YES_AGGRESSIVE;
				CLANG_CXX_LANGUAGE_STANDARD = "gnu++17";
				CLANG_ENABLE_MODULES = YES;
				CLANG_ENABLE_OBJC_ARC = YES;
				CLANG_ENABLE_OBJC_WEAK = YES;
				CLANG_WARN_BLOCK_CAPTURE_AUTORELEASING = YES;
				CLANG_WARN_BOOL_CONVERSION = YES;
				CLANG_WARN_COMMA = YES;
				CLANG_WARN_CONSTANT_CONVERSION = YES;
				CLANG_WARN_DEPRECATED_OBJC_IMPLEMENTATIONS = YES;
				CLANG_WARN_DIRECT_OBJC_ISA_USAGE = YES_ERROR;
				CLANG_WARN_DOCUMENTATION_COMMENTS = YES;
				CLANG_WARN_EMPTY_BODY = YES;
				CLANG_WARN_ENUM_CONVERSION = YES;
				CLANG_WARN_INFINITE_RECURSION = YES;
				CLANG_WARN_INT_CONVERSION = YES;
				CLANG_WARN_NON_LITERAL_NULL_CONVERSION = YES;
				CLANG_WARN_OBJC_IMPLICIT_RETAIN_SELF = YES;
				CLANG_WARN_OBJC_LITERAL_CONVERSION = YES;
				CLANG_WARN_OBJC_ROOT_CLASS = YES_ERROR;
				CLANG_WARN_QUOTED_INCLUDE_IN_FRAMEWORK_HEADER = YES;
				CLANG_WARN_RANGE_LOOP_ANALYSIS = YES;
				CLANG_WARN_STRICT_PROTOTYPES = YES;
				CLANG_WARN_SUSPICIOUS_MOVE = YES;
				CLANG_WARN_UNGUARDED_AVAILABILITY = YES_AGGRESSIVE;
				CLANG_WARN_UNREACHABLE_CODE = YES;
				CLANG_WARN__DUPLICATE_METHOD_MATCH = YES;
				COPY_PHASE_STRIP = NO;
				DEBUG_INFORMATION_FORMAT = "dwarf-with-dsym";
				ENABLE_NS_ASSERTIONS = NO;
				ENABLE_STRICT_OBJC_MSGSEND = YES;
				GCC_C_LANGUAGE_STANDARD = gnu11;
				GCC_NO_COMMON_BLOCKS = YES;
				GCC_WARN_64_TO_32_BIT_CONVERSION = YES;
				GCC_WARN_ABOUT_RETURN_TYPE = YES_ERROR;
				GCC_WARN_UNDECLARED_SELECTOR = YES;
				GCC_WARN_UNINITIALIZED_AUTOS = YES_AGGRESSIVE;
				GCC_WARN_UNUSED_FUNCTION = YES;
				GCC_WARN_UNUSED_VARIABLE = YES;
				IPHONEOS_DEPLOYMENT_TARGET = 15.5;
				MTL_ENABLE_DEBUG_INFO = NO;
				MTL_FAST_MATH = YES;
				SDKROOT = iphoneos;
				SWIFT_COMPILATION_MODE = wholemodule;
				SWIFT_OPTIMIZATION_LEVEL = "-O";
				VALIDATE_PRODUCT = YES;
			};
			name = Release;
		};
		BC1721712BB9201400BC2930 /* Debug */ = {
			isa = XCBuildConfiguration;
			buildSettings = {
				ASSETCATALOG_COMPILER_APPICON_NAME = AppIcon;
				ASSETCATALOG_COMPILER_GLOBAL_ACCENT_COLOR_NAME = AccentColor;
				CODE_SIGN_STYLE = Automatic;
				CURRENT_PROJECT_VERSION = 1;
				DEVELOPMENT_ASSET_PATHS = "\"manishaProjects/Preview Content\"";
				DEVELOPMENT_TEAM = 54Z88YNZP7;
				ENABLE_PREVIEWS = YES;
				GENERATE_INFOPLIST_FILE = YES;
				INFOPLIST_KEY_UIApplicationSceneManifest_Generation = YES;
				INFOPLIST_KEY_UIApplicationSupportsIndirectInputEvents = YES;
				INFOPLIST_KEY_UILaunchScreen_Generation = YES;
				INFOPLIST_KEY_UISupportedInterfaceOrientations_iPad = "UIInterfaceOrientationPortrait UIInterfaceOrientationPortraitUpsideDown UIInterfaceOrientationLandscapeLeft UIInterfaceOrientationLandscapeRight";
				INFOPLIST_KEY_UISupportedInterfaceOrientations_iPhone = "UIInterfaceOrientationPortrait UIInterfaceOrientationLandscapeLeft UIInterfaceOrientationLandscapeRight";
				LD_RUNPATH_SEARCH_PATHS = (
					"$(inherited)",
					"@executable_path/Frameworks",
				);
				MARKETING_VERSION = 1.0;
				PRODUCT_BUNDLE_IDENTIFIER = none.manishaProjects;
				PRODUCT_NAME = "$(TARGET_NAME)";
				SWIFT_EMIT_LOC_STRINGS = YES;
				SWIFT_VERSION = 5.0;
				TARGETED_DEVICE_FAMILY = "1,2";
			};
			name = Debug;
		};
		BC1721722BB9201400BC2930 /* Release */ = {
			isa = XCBuildConfiguration;
			buildSettings = {
				ASSETCATALOG_COMPILER_APPICON_NAME = AppIcon;
				ASSETCATALOG_COMPILER_GLOBAL_ACCENT_COLOR_NAME = AccentColor;
				CODE_SIGN_STYLE = Automatic;
				CURRENT_PROJECT_VERSION = 1;
				DEVELOPMENT_ASSET_PATHS = "\"manishaProjects/Preview Content\"";
				DEVELOPMENT_TEAM = 54Z88YNZP7;
				ENABLE_PREVIEWS = YES;
				GENERATE_INFOPLIST_FILE = YES;
				INFOPLIST_KEY_UIApplicationSceneManifest_Generation = YES;
				INFOPLIST_KEY_UIApplicationSupportsIndirectInputEvents = YES;
				INFOPLIST_KEY_UILaunchScreen_Generation = YES;
				INFOPLIST_KEY_UISupportedInterfaceOrientations_iPad = "UIInterfaceOrientationPortrait UIInterfaceOrientationPortraitUpsideDown UIInterfaceOrientationLandscapeLeft UIInterfaceOrientationLandscapeRight";
				INFOPLIST_KEY_UISupportedInterfaceOrientations_iPhone = "UIInterfaceOrientationPortrait UIInterfaceOrientationLandscapeLeft UIInterfaceOrientationLandscapeRight";
				LD_RUNPATH_SEARCH_PATHS = (
					"$(inherited)",
					"@executable_path/Frameworks",
				);
				MARKETING_VERSION = 1.0;
				PRODUCT_BUNDLE_IDENTIFIER = none.manishaProjects;
				PRODUCT_NAME = "$(TARGET_NAME)";
				SWIFT_EMIT_LOC_STRINGS = YES;
				SWIFT_VERSION = 5.0;
				TARGETED_DEVICE_FAMILY = "1,2";
			};
			name = Release;
		};
		BC1721742BB9201400BC2930 /* Debug */ = {
			isa = XCBuildConfiguration;
			buildSettings = {
				ALWAYS_EMBED_SWIFT_STANDARD_LIBRARIES = YES;
				BUNDLE_LOADER = "$(TEST_HOST)";
				CODE_SIGN_STYLE = Automatic;
				CURRENT_PROJECT_VERSION = 1;
				DEVELOPMENT_TEAM = 54Z88YNZP7;
				GENERATE_INFOPLIST_FILE = YES;
				IPHONEOS_DEPLOYMENT_TARGET = 15.5;
				MARKETING_VERSION = 1.0;
				PRODUCT_BUNDLE_IDENTIFIER = none.manishaProjectsTests;
				PRODUCT_NAME = "$(TARGET_NAME)";
				SWIFT_EMIT_LOC_STRINGS = NO;
				SWIFT_VERSION = 5.0;
				TARGETED_DEVICE_FAMILY = "1,2";
				TEST_HOST = "$(BUILT_PRODUCTS_DIR)/manishaProjects.app/manishaProjects";
			};
			name = Debug;
		};
		BC1721752BB9201400BC2930 /* Release */ = {
			isa = XCBuildConfiguration;
			buildSettings = {
				ALWAYS_EMBED_SWIFT_STANDARD_LIBRARIES = YES;
				BUNDLE_LOADER = "$(TEST_HOST)";
				CODE_SIGN_STYLE = Automatic;
				CURRENT_PROJECT_VERSION = 1;
				DEVELOPMENT_TEAM = 54Z88YNZP7;
				GENERATE_INFOPLIST_FILE = YES;
				IPHONEOS_DEPLOYMENT_TARGET = 15.5;
				MARKETING_VERSION = 1.0;
				PRODUCT_BUNDLE_IDENTIFIER = none.manishaProjectsTests;
				PRODUCT_NAME = "$(TARGET_NAME)";
				SWIFT_EMIT_LOC_STRINGS = NO;
				SWIFT_VERSION = 5.0;
				TARGETED_DEVICE_FAMILY = "1,2";
				TEST_HOST = "$(BUILT_PRODUCTS_DIR)/manishaProjects.app/manishaProjects";
			};
			name = Release;
		};
		BC1721772BB9201400BC2930 /* Debug */ = {
			isa = XCBuildConfiguration;
			buildSettings = {
				ALWAYS_EMBED_SWIFT_STANDARD_LIBRARIES = YES;
				CODE_SIGN_STYLE = Automatic;
				CURRENT_PROJECT_VERSION = 1;
				DEVELOPMENT_TEAM = 54Z88YNZP7;
				GENERATE_INFOPLIST_FILE = YES;
				MARKETING_VERSION = 1.0;
				PRODUCT_BUNDLE_IDENTIFIER = none.manishaProjectsUITests;
				PRODUCT_NAME = "$(TARGET_NAME)";
				SWIFT_EMIT_LOC_STRINGS = NO;
				SWIFT_VERSION = 5.0;
				TARGETED_DEVICE_FAMILY = "1,2";
				TEST_TARGET_NAME = manishaProjects;
			};
			name = Debug;
		};
		BC1721782BB9201400BC2930 /* Release */ = {
			isa = XCBuildConfiguration;
			buildSettings = {
				ALWAYS_EMBED_SWIFT_STANDARD_LIBRARIES = YES;
				CODE_SIGN_STYLE = Automatic;
				CURRENT_PROJECT_VERSION = 1;
				DEVELOPMENT_TEAM = 54Z88YNZP7;
				GENERATE_INFOPLIST_FILE = YES;
				MARKETING_VERSION = 1.0;
				PRODUCT_BUNDLE_IDENTIFIER = none.manishaProjectsUITests;
				PRODUCT_NAME = "$(TARGET_NAME)";
				SWIFT_EMIT_LOC_STRINGS = NO;
				SWIFT_VERSION = 5.0;
				TARGETED_DEVICE_FAMILY = "1,2";
				TEST_TARGET_NAME = manishaProjects;
			};
			name = Release;
		};
/* End XCBuildConfiguration section */

/* Begin XCConfigurationList section */
		BC1721472BB9201100BC2930 /* Build configuration list for PBXProject "manishaProjects" */ = {
			isa = XCConfigurationList;
			buildConfigurations = (
				BC17216E2BB9201400BC2930 /* Debug */,
				BC17216F2BB9201400BC2930 /* Release */,
			);
			defaultConfigurationIsVisible = 0;
			defaultConfigurationName = Release;
		};
		BC1721702BB9201400BC2930 /* Build configuration list for PBXNativeTarget "manishaProjects" */ = {
			isa = XCConfigurationList;
			buildConfigurations = (
				BC1721712BB9201400BC2930 /* Debug */,
				BC1721722BB9201400BC2930 /* Release */,
			);
			defaultConfigurationIsVisible = 0;
			defaultConfigurationName = Release;
		};
		BC1721732BB9201400BC2930 /* Build configuration list for PBXNativeTarget "manishaProjectsTests" */ = {
			isa = XCConfigurationList;
			buildConfigurations = (
				BC1721742BB9201400BC2930 /* Debug */,
				BC1721752BB9201400BC2930 /* Release */,
			);
			defaultConfigurationIsVisible = 0;
			defaultConfigurationName = Release;
		};
		BC1721762BB9201400BC2930 /* Build configuration list for PBXNativeTarget "manishaProjectsUITests" */ = {
			isa = XCConfigurationList;
			buildConfigurations = (
				BC1721772BB9201400BC2930 /* Debug */,
				BC1721782BB9201400BC2930 /* Release */,
			);
			defaultConfigurationIsVisible = 0;
			defaultConfigurationName = Release;
		};
/* End XCConfigurationList section */
	};
	rootObject = BC1721442BB9201100BC2930 /* Project object */;
}
